
Microsoft Visual Studio Solution File, Format Version 12.00
# Visual Studio Version 16
VisualStudioVersion = 16.0.30413.136
MinimumVisualStudioVersion = 10.0.40219.1
Project("{FAE04EC0-301F-11D3-BF4B-00C04F79EFBC}") = "WorkerService", "WorkerService\WorkerService.csproj", "{E152E4CD-CB1B-4985-A28D-19A4FCAA4718}"
EndProject
Global
	GlobalSection(SolutionConfigurationPlatforms) = preSolution
		Debug|Any CPU = Debug|Any CPU
		Release|Any CPU = Release|Any CPU
	EndGlobalSection
	GlobalSection(ProjectConfigurationPlatforms) = postSolution
		{E152E4CD-CB1B-4985-A28D-19A4FCAA4718}.Debug|Any CPU.ActiveCfg = Debug|Any CPU
		{E152E4CD-CB1B-4985-A28D-19A4FCAA4718}.Debug|Any CPU.Build.0 = Debug|Any CPU
		{E152E4CD-CB1B-4985-A28D-19A4FCAA4718}.Release|Any CPU.ActiveCfg = Release|Any CPU
		{E152E4CD-CB1B-4985-A28D-19A4FCAA4718}.Release|Any CPU.Build.0 = Release|Any CPU
	EndGlobalSection
	GlobalSection(SolutionProperties) = preSolution
		HideSolutionNode = FALSE
	EndGlobalSection
	GlobalSection(ExtensibilityGlobals) = postSolution
		SolutionGuid = {0F5CB7CF-7CD8-4C2B-BC64-1EE3DDBF3710}
	EndGlobalSection
EndGlobal
